
Microsoft Visual Studio Solution File, Format Version 12.00
# Visual Studio Version 16
VisualStudioVersion = 16.0.31410.357
MinimumVisualStudioVersion = 10.0.40219.1
Project("{FAE04EC0-301F-11D3-BF4B-00C04F79EFBC}") = "LoLTimers", "LoLTimers\LoLTimers.csproj", "{27752945-2695-462C-8A46-93E91FE2F0D2}"
EndProject
Global
	GlobalSection(SolutionConfigurationPlatforms) = preSolution
		Debug|Any CPU = Debug|Any CPU
		Release|Any CPU = Release|Any CPU
	EndGlobalSection
	GlobalSection(ProjectConfigurationPlatforms) = postSolution
		{27752945-2695-462C-8A46-93E91FE2F0D2}.Debug|Any CPU.ActiveCfg = Debug|Any CPU
		{27752945-2695-462C-8A46-93E91FE2F0D2}.Debug|Any CPU.Build.0 = Debug|Any CPU
		{27752945-2695-462C-8A46-93E91FE2F0D2}.Release|Any CPU.ActiveCfg = Release|Any CPU
		{27752945-2695-462C-8A46-93E91FE2F0D2}.Release|Any CPU.Build.0 = Release|Any CPU
	EndGlobalSection
	GlobalSection(SolutionProperties) = preSolution
		HideSolutionNode = FALSE
	EndGlobalSection
	GlobalSection(ExtensibilityGlobals) = postSolution
		SolutionGuid = {441240EF-6E7F-4D93-9AF0-FCC18142B498}
	EndGlobalSection
EndGlobal
